
Microsoft Visual Studio Solution File, Format Version 12.00
# Visual Studio Version 17
VisualStudioVersion = 17.0.31903.59
MinimumVisualStudioVersion = 10.0.40219.1
Project("{FAE04EC0-301F-11D3-BF4B-00C04F79EFBC}") = "Identity.Domain", "Identity.Domain\Identity.Domain.csproj", "{C02B46A8-8B97-47A8-97D1-83E25C5F9980}"
EndProject
Project("{FAE04EC0-301F-11D3-BF4B-00C04F79EFBC}") = "Identity.UseCases", "Identity.UseCases\Identity.UseCases.csproj", "{B2067272-F0CC-4CAE-A38F-E64F2FF20902}"
EndProject
Project("{FAE04EC0-301F-11D3-BF4B-00C04F79EFBC}") = "Identity.Shared", "Identity.Shared\Identity.Shared.csproj", "{310C555B-6ED1-4929-B94D-D49A816CDF64}"
EndProject
Project("{FAE04EC0-301F-11D3-BF4B-00C04F79EFBC}") = "Identity.Infrastructure", "Identity.Infrastructure\Identity.Infrastructure.csproj", "{EC97D79E-2342-4D7C-A1AF-FF171DE6632C}"
EndProject
Project("{FAE04EC0-301F-11D3-BF4B-00C04F79EFBC}") = "Identity.Api", "Identity.Api\Identity.Api.csproj", "{3338CCCE-FDCE-4726-A504-E5FF6D4AFE52}"
EndProject
Project("{FAE04EC0-301F-11D3-BF4B-00C04F79EFBC}") = "Identity.Controllers", "Identity.Controllers\Identity.Controllers.csproj", "{D1D348F2-ECFC-4D8D-B0B6-CFB1B1696A01}"
EndProject
Global
	GlobalSection(SolutionConfigurationPlatforms) = preSolution
		Debug|Any CPU = Debug|Any CPU
		Release|Any CPU = Release|Any CPU
	EndGlobalSection
	GlobalSection(SolutionProperties) = preSolution
		HideSolutionNode = FALSE
	EndGlobalSection
	GlobalSection(ProjectConfigurationPlatforms) = postSolution
		{C02B46A8-8B97-47A8-97D1-83E25C5F9980}.Debug|Any CPU.ActiveCfg = Debug|Any CPU
		{C02B46A8-8B97-47A8-97D1-83E25C5F9980}.Debug|Any CPU.Build.0 = Debug|Any CPU
		{C02B46A8-8B97-47A8-97D1-83E25C5F9980}.Release|Any CPU.ActiveCfg = Release|Any CPU
		{C02B46A8-8B97-47A8-97D1-83E25C5F9980}.Release|Any CPU.Build.0 = Release|Any CPU
		{B2067272-F0CC-4CAE-A38F-E64F2FF20902}.Debug|Any CPU.ActiveCfg = Debug|Any CPU
		{B2067272-F0CC-4CAE-A38F-E64F2FF20902}.Debug|Any CPU.Build.0 = Debug|Any CPU
		{B2067272-F0CC-4CAE-A38F-E64F2FF20902}.Release|Any CPU.ActiveCfg = Release|Any CPU
		{B2067272-F0CC-4CAE-A38F-E64F2FF20902}.Release|Any CPU.Build.0 = Release|Any CPU
		{310C555B-6ED1-4929-B94D-D49A816CDF64}.Debug|Any CPU.ActiveCfg = Debug|Any CPU
		{310C555B-6ED1-4929-B94D-D49A816CDF64}.Debug|Any CPU.Build.0 = Debug|Any CPU
		{310C555B-6ED1-4929-B94D-D49A816CDF64}.Release|Any CPU.ActiveCfg = Release|Any CPU
		{310C555B-6ED1-4929-B94D-D49A816CDF64}.Release|Any CPU.Build.0 = Release|Any CPU
		{EC97D79E-2342-4D7C-A1AF-FF171DE6632C}.Debug|Any CPU.ActiveCfg = Debug|Any CPU
		{EC97D79E-2342-4D7C-A1AF-FF171DE6632C}.Debug|Any CPU.Build.0 = Debug|Any CPU
		{EC97D79E-2342-4D7C-A1AF-FF171DE6632C}.Release|Any CPU.ActiveCfg = Release|Any CPU
		{EC97D79E-2342-4D7C-A1AF-FF171DE6632C}.Release|Any CPU.Build.0 = Release|Any CPU
		{3338CCCE-FDCE-4726-A504-E5FF6D4AFE52}.Debug|Any CPU.ActiveCfg = Debug|Any CPU
		{3338CCCE-FDCE-4726-A504-E5FF6D4AFE52}.Debug|Any CPU.Build.0 = Debug|Any CPU
		{3338CCCE-FDCE-4726-A504-E5FF6D4AFE52}.Release|Any CPU.ActiveCfg = Release|Any CPU
		{3338CCCE-FDCE-4726-A504-E5FF6D4AFE52}.Release|Any CPU.Build.0 = Release|Any CPU
		{D1D348F2-ECFC-4D8D-B0B6-CFB1B1696A01}.Debug|Any CPU.ActiveCfg = Debug|Any CPU
		{D1D348F2-ECFC-4D8D-B0B6-CFB1B1696A01}.Debug|Any CPU.Build.0 = Debug|Any CPU
		{D1D348F2-ECFC-4D8D-B0B6-CFB1B1696A01}.Release|Any CPU.ActiveCfg = Release|Any CPU
		{D1D348F2-ECFC-4D8D-B0B6-CFB1B1696A01}.Release|Any CPU.Build.0 = Release|Any CPU
	EndGlobalSection
EndGlobal
