
Microsoft Visual Studio Solution File, Format Version 12.00
# Visual Studio Version 17
VisualStudioVersion = 17.5.002.0
MinimumVisualStudioVersion = 10.0.40219.1
Project("{9A19103F-16F7-4668-BE54-9A1E7A4F7556}") = "Library.Infrastructure", "Library.Infrastructure.csproj", "{35339AA8-0238-4622-A4D7-B08DF0500353}"
EndProject
Global
	GlobalSection(SolutionConfigurationPlatforms) = preSolution
		Debug|Any CPU = Debug|Any CPU
		Release|Any CPU = Release|Any CPU
	EndGlobalSection
	GlobalSection(ProjectConfigurationPlatforms) = postSolution
		{35339AA8-0238-4622-A4D7-B08DF0500353}.Debug|Any CPU.ActiveCfg = Debug|Any CPU
		{35339AA8-0238-4622-A4D7-B08DF0500353}.Debug|Any CPU.Build.0 = Debug|Any CPU
		{35339AA8-0238-4622-A4D7-B08DF0500353}.Release|Any CPU.ActiveCfg = Release|Any CPU
		{35339AA8-0238-4622-A4D7-B08DF0500353}.Release|Any CPU.Build.0 = Release|Any CPU
	EndGlobalSection
	GlobalSection(SolutionProperties) = preSolution
		HideSolutionNode = FALSE
	EndGlobalSection
	GlobalSection(ExtensibilityGlobals) = postSolution
		SolutionGuid = {CD0644F2-4898-4BC5-921D-AD39AE1289A8}
	EndGlobalSection
EndGlobal
