
Microsoft Visual Studio Solution File, Format Version 12.00
# Visual Studio Version 17
VisualStudioVersion = 17.5.002.0
MinimumVisualStudioVersion = 10.0.40219.1
Project("{9A19103F-16F7-4668-BE54-9A1E7A4F7556}") = "LibraryApi.Identity.Web", "LibraryApi.Identity.Web.csproj", "{2E0A8238-26E6-4385-8962-33E89A8E968A}"
EndProject
Global
	GlobalSection(SolutionConfigurationPlatforms) = preSolution
		Debug|Any CPU = Debug|Any CPU
		Release|Any CPU = Release|Any CPU
	EndGlobalSection
	GlobalSection(ProjectConfigurationPlatforms) = postSolution
		{2E0A8238-26E6-4385-8962-33E89A8E968A}.Debug|Any CPU.ActiveCfg = Debug|Any CPU
		{2E0A8238-26E6-4385-8962-33E89A8E968A}.Debug|Any CPU.Build.0 = Debug|Any CPU
		{2E0A8238-26E6-4385-8962-33E89A8E968A}.Release|Any CPU.ActiveCfg = Release|Any CPU
		{2E0A8238-26E6-4385-8962-33E89A8E968A}.Release|Any CPU.Build.0 = Release|Any CPU
	EndGlobalSection
	GlobalSection(SolutionProperties) = preSolution
		HideSolutionNode = FALSE
	EndGlobalSection
	GlobalSection(ExtensibilityGlobals) = postSolution
		SolutionGuid = {4D87FD69-57F5-43D3-9A9D-17D84468FF6E}
	EndGlobalSection
EndGlobal
