
Microsoft Visual Studio Solution File, Format Version 12.00
# Visual Studio Version 17
VisualStudioVersion = 17.0.31903.59
MinimumVisualStudioVersion = 10.0.40219.1
Project("{FAE04EC0-301F-11D3-BF4B-00C04F79EFBC}") = "Library.Domain", "Library.Domain\Library.Domain.csproj", "{710662C8-CDBE-45F9-BC49-5717F027F7B5}"
EndProject
Project("{FAE04EC0-301F-11D3-BF4B-00C04F79EFBC}") = "Library.UseCases", "Library.UseCases\Library.UseCases.csproj", "{D73BBA6B-0B16-4C47-81FD-25E1F94138D1}"
EndProject
Project("{FAE04EC0-301F-11D3-BF4B-00C04F79EFBC}") = "Library.Infrastructure", "Library.Infrastructure\Library.Infrastructure.csproj", "{5BAF24F6-2E81-47F8-A906-4003B9C16059}"
EndProject
Project("{FAE04EC0-301F-11D3-BF4B-00C04F79EFBC}") = "Library.Api", "Library.Api\Library.Api.csproj", "{ED866337-60BB-4747-8F9F-F934150BC6F6}"
EndProject
Project("{FAE04EC0-301F-11D3-BF4B-00C04F79EFBC}") = "Library.Shared", "Library.Shared\Library.Shared.csproj", "{0217FE59-8D88-4D10-A221-20B3C0BDBB8D}"
EndProject
Project("{FAE04EC0-301F-11D3-BF4B-00C04F79EFBC}") = "Library.Controllers", "Library.Controllers\Library.Controllers.csproj", "{CFEFF18F-E1E9-4274-9109-9AC546D5962D}"
EndProject
Global
	GlobalSection(SolutionConfigurationPlatforms) = preSolution
		Debug|Any CPU = Debug|Any CPU
		Release|Any CPU = Release|Any CPU
	EndGlobalSection
	GlobalSection(SolutionProperties) = preSolution
		HideSolutionNode = FALSE
	EndGlobalSection
	GlobalSection(ProjectConfigurationPlatforms) = postSolution
		{710662C8-CDBE-45F9-BC49-5717F027F7B5}.Debug|Any CPU.ActiveCfg = Debug|Any CPU
		{710662C8-CDBE-45F9-BC49-5717F027F7B5}.Debug|Any CPU.Build.0 = Debug|Any CPU
		{710662C8-CDBE-45F9-BC49-5717F027F7B5}.Release|Any CPU.ActiveCfg = Release|Any CPU
		{710662C8-CDBE-45F9-BC49-5717F027F7B5}.Release|Any CPU.Build.0 = Release|Any CPU
		{D73BBA6B-0B16-4C47-81FD-25E1F94138D1}.Debug|Any CPU.ActiveCfg = Debug|Any CPU
		{D73BBA6B-0B16-4C47-81FD-25E1F94138D1}.Debug|Any CPU.Build.0 = Debug|Any CPU
		{D73BBA6B-0B16-4C47-81FD-25E1F94138D1}.Release|Any CPU.ActiveCfg = Release|Any CPU
		{D73BBA6B-0B16-4C47-81FD-25E1F94138D1}.Release|Any CPU.Build.0 = Release|Any CPU
		{5BAF24F6-2E81-47F8-A906-4003B9C16059}.Debug|Any CPU.ActiveCfg = Debug|Any CPU
		{5BAF24F6-2E81-47F8-A906-4003B9C16059}.Debug|Any CPU.Build.0 = Debug|Any CPU
		{5BAF24F6-2E81-47F8-A906-4003B9C16059}.Release|Any CPU.ActiveCfg = Release|Any CPU
		{5BAF24F6-2E81-47F8-A906-4003B9C16059}.Release|Any CPU.Build.0 = Release|Any CPU
		{ED866337-60BB-4747-8F9F-F934150BC6F6}.Debug|Any CPU.ActiveCfg = Debug|Any CPU
		{ED866337-60BB-4747-8F9F-F934150BC6F6}.Debug|Any CPU.Build.0 = Debug|Any CPU
		{ED866337-60BB-4747-8F9F-F934150BC6F6}.Release|Any CPU.ActiveCfg = Release|Any CPU
		{ED866337-60BB-4747-8F9F-F934150BC6F6}.Release|Any CPU.Build.0 = Release|Any CPU
		{0217FE59-8D88-4D10-A221-20B3C0BDBB8D}.Debug|Any CPU.ActiveCfg = Debug|Any CPU
		{0217FE59-8D88-4D10-A221-20B3C0BDBB8D}.Debug|Any CPU.Build.0 = Debug|Any CPU
		{0217FE59-8D88-4D10-A221-20B3C0BDBB8D}.Release|Any CPU.ActiveCfg = Release|Any CPU
		{0217FE59-8D88-4D10-A221-20B3C0BDBB8D}.Release|Any CPU.Build.0 = Release|Any CPU
		{CFEFF18F-E1E9-4274-9109-9AC546D5962D}.Debug|Any CPU.ActiveCfg = Debug|Any CPU
		{CFEFF18F-E1E9-4274-9109-9AC546D5962D}.Debug|Any CPU.Build.0 = Debug|Any CPU
		{CFEFF18F-E1E9-4274-9109-9AC546D5962D}.Release|Any CPU.ActiveCfg = Release|Any CPU
		{CFEFF18F-E1E9-4274-9109-9AC546D5962D}.Release|Any CPU.Build.0 = Release|Any CPU
	EndGlobalSection
EndGlobal
